
Microsoft Visual Studio Solution File, Format Version 12.00
# Visual Studio Version 17
VisualStudioVersion = 17.2.32526.322
MinimumVisualStudioVersion = 10.0.40219.1
Project("{FAE04EC0-301F-11D3-BF4B-00C04F79EFBC}") = "Saptagandaki", "Saptagandaki.csproj", "{C6DB6419-8873-4F9E-96A5-D5FDC34FCA1A}"
EndProject
Global
	GlobalSection(SolutionConfigurationPlatforms) = preSolution
		Debug|Any CPU = Debug|Any CPU
		Release|Any CPU = Release|Any CPU
	EndGlobalSection
	GlobalSection(ProjectConfigurationPlatforms) = postSolution
		{C6DB6419-8873-4F9E-96A5-D5FDC34FCA1A}.Debug|Any CPU.ActiveCfg = Debug|Any CPU
		{C6DB6419-8873-4F9E-96A5-D5FDC34FCA1A}.Debug|Any CPU.Build.0 = Debug|Any CPU
		{C6DB6419-8873-4F9E-96A5-D5FDC34FCA1A}.Release|Any CPU.ActiveCfg = Release|Any CPU
		{C6DB6419-8873-4F9E-96A5-D5FDC34FCA1A}.Release|Any CPU.Build.0 = Release|Any CPU
	EndGlobalSection
	GlobalSection(SolutionProperties) = preSolution
		HideSolutionNode = FALSE
	EndGlobalSection
	GlobalSection(ExtensibilityGlobals) = postSolution
		SolutionGuid = {CB3BB8CB-3693-4076-A5B5-EBCE351E1455}
	EndGlobalSection
EndGlobal
